version = 1
revision = 1
requires-python = ">=3.12"

[[package]]
name = "downloads"
version = "0.1.0"
source = { virtual = "." }
dependencies = [
    { name = "webvtt-py" },
]

[package.metadata]
requires-dist = [{ name = "webvtt-py", specifier = ">=0.5.1" }]

[[package]]
name = "webvtt-py"
version = "0.5.1"
source = { registry = "https://pypi.org/simple" }
sdist = { url = "https://files.pythonhosted.org/packages/5e/f6/7c9c964681fb148e0293e6860108d378e09ccab2218f9063fd3eb87f840a/webvtt-py-0.5.1.tar.gz", hash = "sha256:2040dd325277ddadc1e0c6cc66cbc4a1d9b6b49b24c57a0c3364374c3e8a3dc1", size = 55128 }
wheels = [
    { url = "https://files.pythonhosted.org/packages/f3/ed/aad7e0f5a462d679f7b4d2e0d8502c3096740c883b5bbed5103146480937/webvtt_py-0.5.1-py3-none-any.whl", hash = "sha256:9d517d286cfe7fc7825e9d4e2079647ce32f5678eb58e39ef544ffbb932610b7", size = 19802 },
]
